
Microsoft Visual Studio Solution File, Format Version 12.00
# Visual Studio Version 16
VisualStudioVersion = 16.0.30717.126
MinimumVisualStudioVersion = 10.0.40219.1
Project("{FAE04EC0-301F-11D3-BF4B-00C04F79EFBC}") = "QuizSystem", "QuizSystem\QuizSystem.csproj", "{701DD6B1-BFCF-4324-9F44-B87D07F498E2}"
EndProject
Global
	GlobalSection(SolutionConfigurationPlatforms) = preSolution
		Debug|Any CPU = Debug|Any CPU
		Release|Any CPU = Release|Any CPU
	EndGlobalSection
	GlobalSection(ProjectConfigurationPlatforms) = postSolution
		{701DD6B1-BFCF-4324-9F44-B87D07F498E2}.Debug|Any CPU.ActiveCfg = Debug|Any CPU
		{701DD6B1-BFCF-4324-9F44-B87D07F498E2}.Debug|Any CPU.Build.0 = Debug|Any CPU
		{701DD6B1-BFCF-4324-9F44-B87D07F498E2}.Release|Any CPU.ActiveCfg = Release|Any CPU
		{701DD6B1-BFCF-4324-9F44-B87D07F498E2}.Release|Any CPU.Build.0 = Release|Any CPU
	EndGlobalSection
	GlobalSection(SolutionProperties) = preSolution
		HideSolutionNode = FALSE
	EndGlobalSection
	GlobalSection(ExtensibilityGlobals) = postSolution
		SolutionGuid = {60FF2150-CB06-47DD-8716-E457FA50120C}
	EndGlobalSection
EndGlobal
